
Microsoft Visual Studio Solution File, Format Version 12.00
# Visual Studio 15
VisualStudioVersion = 15.0.27130.2010
MinimumVisualStudioVersion = 10.0.40219.1
Project("{FAE04EC0-301F-11D3-BF4B-00C04F79EFBC}") = "AspnetCore_WebApi", "AspnetCore_WebApi\AspnetCore_WebApi.csproj", "{5E98F9B6-08E1-4FD6-9E67-6DB86766C1A5}"
EndProject
Global
	GlobalSection(SolutionConfigurationPlatforms) = preSolution
		Debug|Any CPU = Debug|Any CPU
		Release|Any CPU = Release|Any CPU
	EndGlobalSection
	GlobalSection(ProjectConfigurationPlatforms) = postSolution
		{5E98F9B6-08E1-4FD6-9E67-6DB86766C1A5}.Debug|Any CPU.ActiveCfg = Debug|Any CPU
		{5E98F9B6-08E1-4FD6-9E67-6DB86766C1A5}.Debug|Any CPU.Build.0 = Debug|Any CPU
		{5E98F9B6-08E1-4FD6-9E67-6DB86766C1A5}.Release|Any CPU.ActiveCfg = Release|Any CPU
		{5E98F9B6-08E1-4FD6-9E67-6DB86766C1A5}.Release|Any CPU.Build.0 = Release|Any CPU
	EndGlobalSection
	GlobalSection(SolutionProperties) = preSolution
		HideSolutionNode = FALSE
	EndGlobalSection
	GlobalSection(ExtensibilityGlobals) = postSolution
		SolutionGuid = {F3655BC2-06FD-4ED3-9831-E91786B91678}
	EndGlobalSection
EndGlobal
